{
  "name": "gastateguard.com",
  "version": "1.0.0",
  "lockfileVersion": 2,
  "requires": true,
  "packages": {
    "": {
      "name": "gastateguard.com",
      "version": "1.0.0",
      "license": "ISC",
      "dependencies": {
        "@cloudflare/pages-plugin-mailchannels": "^0.1.1",
        "@cloudflare/pages-plugin-static-forms": "^1.0.0"
      }
    },
    "node_modules/@cloudflare/pages-plugin-mailchannels": {
      "version": "0.1.1",
      "resolved": "https://registry.npmjs.org/@cloudflare/pages-plugin-mailchannels/-/pages-plugin-mailchannels-0.1.1.tgz",
      "integrity": "sha512-lxfPNOYkMfG08z+c+TRqg5r78aQN7yLxPUEVfL61AGdbYBiS3D8I7COIkSaUqO9g2aOp43BLjbEGSr7bWbBqcA=="
    },
    "node_modules/@cloudflare/pages-plugin-static-forms": {
      "version": "1.0.0",
      "resolved": "https://registry.npmjs.org/@cloudflare/pages-plugin-static-forms/-/pages-plugin-static-forms-1.0.0.tgz",
      "integrity": "sha512-NMM8BUKU2VUwv0ZdPz6XaMeY0uVSWiAwvV4iIdaCh9a+utfgQ/RmeicxwkuA6/l5RQbs48XPSjnEoWpsBbyfgw=="
    }
  },
  "dependencies": {
    "@cloudflare/pages-plugin-mailchannels": {
      "version": "0.1.1",
      "resolved": "https://registry.npmjs.org/@cloudflare/pages-plugin-mailchannels/-/pages-plugin-mailchannels-0.1.1.tgz",
      "integrity": "sha512-lxfPNOYkMfG08z+c+TRqg5r78aQN7yLxPUEVfL61AGdbYBiS3D8I7COIkSaUqO9g2aOp43BLjbEGSr7bWbBqcA=="
    },
    "@cloudflare/pages-plugin-static-forms": {
      "version": "1.0.0",
      "resolved": "https://registry.npmjs.org/@cloudflare/pages-plugin-static-forms/-/pages-plugin-static-forms-1.0.0.tgz",
      "integrity": "sha512-NMM8BUKU2VUwv0ZdPz6XaMeY0uVSWiAwvV4iIdaCh9a+utfgQ/RmeicxwkuA6/l5RQbs48XPSjnEoWpsBbyfgw=="
    }
  }
}
